
Microsoft Visual Studio Solution File, Format Version 12.00
# Visual Studio Version 16
VisualStudioVersion = 16.0.32901.82
MinimumVisualStudioVersion = 10.0.40219.1
Project("{FAE04EC0-301F-11D3-BF4B-00C04F79EFBC}") = "Einführung", "Einführung\Einführung.csproj", "{B35363F5-0FCA-4B00-9225-1569734E2310}"
EndProject
Global
	GlobalSection(SolutionConfigurationPlatforms) = preSolution
		Debug|Any CPU = Debug|Any CPU
		Release|Any CPU = Release|Any CPU
	EndGlobalSection
	GlobalSection(ProjectConfigurationPlatforms) = postSolution
		{B35363F5-0FCA-4B00-9225-1569734E2310}.Debug|Any CPU.ActiveCfg = Debug|Any CPU
		{B35363F5-0FCA-4B00-9225-1569734E2310}.Debug|Any CPU.Build.0 = Debug|Any CPU
		{B35363F5-0FCA-4B00-9225-1569734E2310}.Release|Any CPU.ActiveCfg = Release|Any CPU
		{B35363F5-0FCA-4B00-9225-1569734E2310}.Release|Any CPU.Build.0 = Release|Any CPU
	EndGlobalSection
	GlobalSection(SolutionProperties) = preSolution
		HideSolutionNode = FALSE
	EndGlobalSection
	GlobalSection(ExtensibilityGlobals) = postSolution
		SolutionGuid = {F601BC4C-30E1-404F-86DB-F9F6535312C3}
	EndGlobalSection
EndGlobal
